{
  "name": "talks",
  "version": "0.0.0",
  "lockfileVersion": 1,
  "requires": true,
  "dependencies": {
    "archy": {
      "version": "1.0.0",
      "resolved": "https://registry.npmjs.org/archy/-/archy-1.0.0.tgz",
      "integrity": "sha1-+cjBN1fMHde8N5rHeyxipcKGjEA=",
      "dev": true
    },
    "commander": {
      "version": "2.11.0",
      "resolved": "https://registry.npmjs.org/commander/-/commander-2.11.0.tgz",
      "integrity": "sha512-b0553uYA5YAEGgyYIGYROzKQ7X5RAqedkfjiZxwi0kL1g3bOaBNNZfYkzt/CL0umgD5wc9Jec2FbB98CjkMRvQ==",
      "dev": true
    },
    "create-error": {
      "version": "0.3.1",
      "resolved": "https://registry.npmjs.org/create-error/-/create-error-0.3.1.tgz",
      "integrity": "sha1-aYECRaYp5lRDK/BDdzYAA6U1GiM=",
      "dev": true
    },
    "directory-tree": {
      "version": "1.2.1",
      "resolved": "https://registry.npmjs.org/directory-tree/-/directory-tree-1.2.1.tgz",
      "integrity": "sha1-eBL26+bdnUliaWpl4fe6c8Nndw0=",
      "dev": true
    },
    "indexifier": {
      "version": "3.0.1",
      "resolved": "https://registry.npmjs.org/indexifier/-/indexifier-3.0.1.tgz",
      "integrity": "sha1-Y9blpd3wTtMNbxfe4FO7VrWGTmM=",
      "dev": true,
      "requires": {
        "archy": "1.0.0",
        "commander": "2.11.0",
        "create-error": "0.3.1",
        "directory-tree": "1.2.1"
      }
    },
    "reveal.js": {
      "version": "3.5.0",
      "resolved": "https://registry.npmjs.org/reveal.js/-/reveal.js-3.5.0.tgz",
      "integrity": "sha1-lVRZSa1oJjas7P2uoFzwyoktRC0="
    }
  }
}
